
Microsoft Visual Studio Solution File, Format Version 12.00
# Visual Studio Version 17
VisualStudioVersion = 17.3.32901.215
MinimumVisualStudioVersion = 10.0.40219.1
Project("{2150E333-8FDC-42A3-9474-1A3956D46DE8}") = "src", "src", "{884DB2C6-2DC5-446D-BE99-FF24D29023FF}"
EndProject
Project("{2150E333-8FDC-42A3-9474-1A3956D46DE8}") = "tests", "tests", "{58CA6141-E1BD-4937-B600-DC5B053D6D64}"
EndProject
Project("{2150E333-8FDC-42A3-9474-1A3956D46DE8}") = "API", "API", "{35CAFB5C-0D7C-4AFD-B8AE-D46F1BDFD5DC}"
EndProject
Project("{2150E333-8FDC-42A3-9474-1A3956D46DE8}") = "Core", "Core", "{44F25225-A01C-4A14-B75B-F40FB52C437B}"
EndProject
Project("{2150E333-8FDC-42A3-9474-1A3956D46DE8}") = "Infrastructure", "Infrastructure", "{380CB951-64D2-40B4-BDBD-2EF380F77209}"
EndProject
Project("{2150E333-8FDC-42A3-9474-1A3956D46DE8}") = "UI", "UI", "{582DA709-40F1-47F1-ABA1-EECFFC2835BA}"
EndProject
Project("{9A19103F-16F7-4668-BE54-9A1E7A4F7556}") = "HRLeaveManagement.Clean.Domain", "HRLeaveManagement.Clean.Domain\HRLeaveManagement.Clean.Domain.csproj", "{5E247F8D-5530-45F1-BB45-DEBD95965344}"
EndProject
Project("{9A19103F-16F7-4668-BE54-9A1E7A4F7556}") = "HRLeaveManagment.Application", "HRLeaveManagment.Application\HRLeaveManagment.Application.csproj", "{3DE4C0CC-52E6-439D-A3EB-9039FA46C851}"
EndProject
Project("{9A19103F-16F7-4668-BE54-9A1E7A4F7556}") = "HRLeaveManagement.Infrastructure", "HRLeaveManagement.Infrastructure\HRLeaveManagement.Infrastructure.csproj", "{6535F62D-3FEC-42AA-837A-4F4C88A9AD9D}"
EndProject
Project("{9A19103F-16F7-4668-BE54-9A1E7A4F7556}") = "HRLeaveManagement.Persistence", "HRLeaveManagement.Persistence\HRLeaveManagement.Persistence.csproj", "{DCA876FA-CCFD-480F-841D-FBFE5B468211}"
EndProject
Project("{9A19103F-16F7-4668-BE54-9A1E7A4F7556}") = "HRLeaveManagement.Api", "HRLeaveManagement.Api\HRLeaveManagement.Api.csproj", "{EED116CA-347B-478B-8724-9189AFB6067C}"
EndProject
Project("{9A19103F-16F7-4668-BE54-9A1E7A4F7556}") = "HRLeaveManagement.Application.UnitTests", "HRLeaveManagement.Application.UnitTests\HRLeaveManagement.Application.UnitTests.csproj", "{B7ACB87C-DCC9-4886-8CFC-CD522099E268}"
EndProject
Project("{9A19103F-16F7-4668-BE54-9A1E7A4F7556}") = "HRLeaveManagement.MVC", "HRLeaveManagement.MVC\HRLeaveManagement.MVC.csproj", "{E2EA0130-7DCE-44E2-9FD1-11F1B465324C}"
EndProject
Project("{9A19103F-16F7-4668-BE54-9A1E7A4F7556}") = "HRLeaveManagement.Identity", "HRLeaveManagement.Identity\HRLeaveManagement.Identity.csproj", "{16B8AAB5-0736-4ED5-A490-16F2CCC2DBFB}"
EndProject
Project("{E53339B2-1760-4266-BCC7-CA923CBCF16C}") = "docker-compose", "docker-compose.dcproj", "{D07454EA-8ACE-48F1-B3D8-F6FFFE7A5A77}"
EndProject
Global
	GlobalSection(SolutionConfigurationPlatforms) = preSolution
		Debug|Any CPU = Debug|Any CPU
		Release|Any CPU = Release|Any CPU
	EndGlobalSection
	GlobalSection(ProjectConfigurationPlatforms) = postSolution
		{5E247F8D-5530-45F1-BB45-DEBD95965344}.Debug|Any CPU.ActiveCfg = Debug|Any CPU
		{5E247F8D-5530-45F1-BB45-DEBD95965344}.Debug|Any CPU.Build.0 = Debug|Any CPU
		{5E247F8D-5530-45F1-BB45-DEBD95965344}.Release|Any CPU.ActiveCfg = Release|Any CPU
		{5E247F8D-5530-45F1-BB45-DEBD95965344}.Release|Any CPU.Build.0 = Release|Any CPU
		{3DE4C0CC-52E6-439D-A3EB-9039FA46C851}.Debug|Any CPU.ActiveCfg = Debug|Any CPU
		{3DE4C0CC-52E6-439D-A3EB-9039FA46C851}.Debug|Any CPU.Build.0 = Debug|Any CPU
		{3DE4C0CC-52E6-439D-A3EB-9039FA46C851}.Release|Any CPU.ActiveCfg = Release|Any CPU
		{3DE4C0CC-52E6-439D-A3EB-9039FA46C851}.Release|Any CPU.Build.0 = Release|Any CPU
		{6535F62D-3FEC-42AA-837A-4F4C88A9AD9D}.Debug|Any CPU.ActiveCfg = Debug|Any CPU
		{6535F62D-3FEC-42AA-837A-4F4C88A9AD9D}.Debug|Any CPU.Build.0 = Debug|Any CPU
		{6535F62D-3FEC-42AA-837A-4F4C88A9AD9D}.Release|Any CPU.ActiveCfg = Release|Any CPU
		{6535F62D-3FEC-42AA-837A-4F4C88A9AD9D}.Release|Any CPU.Build.0 = Release|Any CPU
		{DCA876FA-CCFD-480F-841D-FBFE5B468211}.Debug|Any CPU.ActiveCfg = Debug|Any CPU
		{DCA876FA-CCFD-480F-841D-FBFE5B468211}.Debug|Any CPU.Build.0 = Debug|Any CPU
		{DCA876FA-CCFD-480F-841D-FBFE5B468211}.Release|Any CPU.ActiveCfg = Release|Any CPU
		{DCA876FA-CCFD-480F-841D-FBFE5B468211}.Release|Any CPU.Build.0 = Release|Any CPU
		{EED116CA-347B-478B-8724-9189AFB6067C}.Debug|Any CPU.ActiveCfg = Debug|Any CPU
		{EED116CA-347B-478B-8724-9189AFB6067C}.Debug|Any CPU.Build.0 = Debug|Any CPU
		{EED116CA-347B-478B-8724-9189AFB6067C}.Release|Any CPU.ActiveCfg = Release|Any CPU
		{EED116CA-347B-478B-8724-9189AFB6067C}.Release|Any CPU.Build.0 = Release|Any CPU
		{B7ACB87C-DCC9-4886-8CFC-CD522099E268}.Debug|Any CPU.ActiveCfg = Debug|Any CPU
		{B7ACB87C-DCC9-4886-8CFC-CD522099E268}.Debug|Any CPU.Build.0 = Debug|Any CPU
		{B7ACB87C-DCC9-4886-8CFC-CD522099E268}.Release|Any CPU.ActiveCfg = Release|Any CPU
		{B7ACB87C-DCC9-4886-8CFC-CD522099E268}.Release|Any CPU.Build.0 = Release|Any CPU
		{E2EA0130-7DCE-44E2-9FD1-11F1B465324C}.Debug|Any CPU.ActiveCfg = Debug|Any CPU
		{E2EA0130-7DCE-44E2-9FD1-11F1B465324C}.Debug|Any CPU.Build.0 = Debug|Any CPU
		{E2EA0130-7DCE-44E2-9FD1-11F1B465324C}.Release|Any CPU.ActiveCfg = Release|Any CPU
		{E2EA0130-7DCE-44E2-9FD1-11F1B465324C}.Release|Any CPU.Build.0 = Release|Any CPU
		{16B8AAB5-0736-4ED5-A490-16F2CCC2DBFB}.Debug|Any CPU.ActiveCfg = Debug|Any CPU
		{16B8AAB5-0736-4ED5-A490-16F2CCC2DBFB}.Debug|Any CPU.Build.0 = Debug|Any CPU
		{16B8AAB5-0736-4ED5-A490-16F2CCC2DBFB}.Release|Any CPU.ActiveCfg = Release|Any CPU
		{16B8AAB5-0736-4ED5-A490-16F2CCC2DBFB}.Release|Any CPU.Build.0 = Release|Any CPU
		{D07454EA-8ACE-48F1-B3D8-F6FFFE7A5A77}.Debug|Any CPU.ActiveCfg = Debug|Any CPU
		{D07454EA-8ACE-48F1-B3D8-F6FFFE7A5A77}.Debug|Any CPU.Build.0 = Debug|Any CPU
		{D07454EA-8ACE-48F1-B3D8-F6FFFE7A5A77}.Release|Any CPU.ActiveCfg = Release|Any CPU
		{D07454EA-8ACE-48F1-B3D8-F6FFFE7A5A77}.Release|Any CPU.Build.0 = Release|Any CPU
	EndGlobalSection
	GlobalSection(SolutionProperties) = preSolution
		HideSolutionNode = FALSE
	EndGlobalSection
	GlobalSection(NestedProjects) = preSolution
		{35CAFB5C-0D7C-4AFD-B8AE-D46F1BDFD5DC} = {884DB2C6-2DC5-446D-BE99-FF24D29023FF}
		{44F25225-A01C-4A14-B75B-F40FB52C437B} = {884DB2C6-2DC5-446D-BE99-FF24D29023FF}
		{380CB951-64D2-40B4-BDBD-2EF380F77209} = {884DB2C6-2DC5-446D-BE99-FF24D29023FF}
		{582DA709-40F1-47F1-ABA1-EECFFC2835BA} = {884DB2C6-2DC5-446D-BE99-FF24D29023FF}
		{5E247F8D-5530-45F1-BB45-DEBD95965344} = {44F25225-A01C-4A14-B75B-F40FB52C437B}
		{3DE4C0CC-52E6-439D-A3EB-9039FA46C851} = {44F25225-A01C-4A14-B75B-F40FB52C437B}
		{6535F62D-3FEC-42AA-837A-4F4C88A9AD9D} = {380CB951-64D2-40B4-BDBD-2EF380F77209}
		{DCA876FA-CCFD-480F-841D-FBFE5B468211} = {380CB951-64D2-40B4-BDBD-2EF380F77209}
		{EED116CA-347B-478B-8724-9189AFB6067C} = {35CAFB5C-0D7C-4AFD-B8AE-D46F1BDFD5DC}
		{B7ACB87C-DCC9-4886-8CFC-CD522099E268} = {58CA6141-E1BD-4937-B600-DC5B053D6D64}
		{E2EA0130-7DCE-44E2-9FD1-11F1B465324C} = {582DA709-40F1-47F1-ABA1-EECFFC2835BA}
		{16B8AAB5-0736-4ED5-A490-16F2CCC2DBFB} = {380CB951-64D2-40B4-BDBD-2EF380F77209}
	EndGlobalSection
	GlobalSection(ExtensibilityGlobals) = postSolution
		SolutionGuid = {19FAD3AC-C614-477C-9E7E-72114D019C72}
	EndGlobalSection
EndGlobal
